
Microsoft Visual Studio Solution File, Format Version 12.00
# Visual Studio Version 16
VisualStudioVersion = 16.0.30523.141
MinimumVisualStudioVersion = 10.0.40219.1
Project("{FAE04EC0-301F-11D3-BF4B-00C04F79EFBC}") = "ASPNETCore.CookieAuthentication", "ASPNETCore.CookieAuthentication\ASPNETCore.CookieAuthentication.csproj", "{700E54E3-76C2-4281-A591-3FBECFF2E587}"
EndProject
Global
	GlobalSection(SolutionConfigurationPlatforms) = preSolution
		Debug|Any CPU = Debug|Any CPU
		Release|Any CPU = Release|Any CPU
	EndGlobalSection
	GlobalSection(ProjectConfigurationPlatforms) = postSolution
		{700E54E3-76C2-4281-A591-3FBECFF2E587}.Debug|Any CPU.ActiveCfg = Debug|Any CPU
		{700E54E3-76C2-4281-A591-3FBECFF2E587}.Debug|Any CPU.Build.0 = Debug|Any CPU
		{700E54E3-76C2-4281-A591-3FBECFF2E587}.Release|Any CPU.ActiveCfg = Release|Any CPU
		{700E54E3-76C2-4281-A591-3FBECFF2E587}.Release|Any CPU.Build.0 = Release|Any CPU
	EndGlobalSection
	GlobalSection(SolutionProperties) = preSolution
		HideSolutionNode = FALSE
	EndGlobalSection
	GlobalSection(ExtensibilityGlobals) = postSolution
		SolutionGuid = {E4CED33B-CF44-4E8B-A40E-C36D78A75097}
	EndGlobalSection
EndGlobal
